
Microsoft Visual Studio Solution File, Format Version 12.00
# Visual Studio Version 16
VisualStudioVersion = 16.0.29324.140
MinimumVisualStudioVersion = 10.0.40219.1
Project("{2150E333-8FDC-42A3-9474-1A3956D46DE8}") = "创建型模式", "创建型模式", "{7D62AE98-9B2D-4872-8BC9-37AFE657A8D0}"
EndProject
Project("{FAE04EC0-301F-11D3-BF4B-00C04F79EFBC}") = "FactoryPattern", "FactoryPattern\FactoryPattern.csproj", "{AF96D22B-0542-485A-ACD9-4E8B28D1EF26}"
EndProject
Project("{FAE04EC0-301F-11D3-BF4B-00C04F79EFBC}") = "AbstractFactoryPattern", "AbstractFactoryPattern\AbstractFactoryPattern.csproj", "{AD546E6D-DE02-4412-BFF4-ABDCB167D1EB}"
EndProject
Global
	GlobalSection(SolutionConfigurationPlatforms) = preSolution
		Debug|Any CPU = Debug|Any CPU
		Release|Any CPU = Release|Any CPU
	EndGlobalSection
	GlobalSection(ProjectConfigurationPlatforms) = postSolution
		{AF96D22B-0542-485A-ACD9-4E8B28D1EF26}.Debug|Any CPU.ActiveCfg = Debug|Any CPU
		{AF96D22B-0542-485A-ACD9-4E8B28D1EF26}.Debug|Any CPU.Build.0 = Debug|Any CPU
		{AF96D22B-0542-485A-ACD9-4E8B28D1EF26}.Release|Any CPU.ActiveCfg = Release|Any CPU
		{AF96D22B-0542-485A-ACD9-4E8B28D1EF26}.Release|Any CPU.Build.0 = Release|Any CPU
		{AD546E6D-DE02-4412-BFF4-ABDCB167D1EB}.Debug|Any CPU.ActiveCfg = Debug|Any CPU
		{AD546E6D-DE02-4412-BFF4-ABDCB167D1EB}.Debug|Any CPU.Build.0 = Debug|Any CPU
		{AD546E6D-DE02-4412-BFF4-ABDCB167D1EB}.Release|Any CPU.ActiveCfg = Release|Any CPU
		{AD546E6D-DE02-4412-BFF4-ABDCB167D1EB}.Release|Any CPU.Build.0 = Release|Any CPU
	EndGlobalSection
	GlobalSection(SolutionProperties) = preSolution
		HideSolutionNode = FALSE
	EndGlobalSection
	GlobalSection(NestedProjects) = preSolution
		{AF96D22B-0542-485A-ACD9-4E8B28D1EF26} = {7D62AE98-9B2D-4872-8BC9-37AFE657A8D0}
		{AD546E6D-DE02-4412-BFF4-ABDCB167D1EB} = {7D62AE98-9B2D-4872-8BC9-37AFE657A8D0}
	EndGlobalSection
	GlobalSection(ExtensibilityGlobals) = postSolution
		SolutionGuid = {8E9A5EDB-7655-4741-96A4-79259F7EDAC0}
	EndGlobalSection
EndGlobal
